
Microsoft Visual Studio Solution File, Format Version 12.00
# Visual Studio Version 17
VisualStudioVersion = 17.0.31903.59
MinimumVisualStudioVersion = 10.0.40219.1
Project("{2150E333-8FDC-42A3-9474-1A3956D46DE8}") = "ERP_ASP_dotnet", "ERP_ASP_dotnet", "{B86731CC-04FD-AB44-7EBB-A3A43FB75253}"
EndProject
Project("{FAE04EC0-301F-11D3-BF4B-00C04F79EFBC}") = "ERP_backend", "ERP_ASP_dotnet\ERP_backend.csproj", "{4AED81E8-452A-4A91-A203-EE96FCD42142}"
EndProject
Project("{FAE04EC0-301F-11D3-BF4B-00C04F79EFBC}") = "ERP_xUnit_dotnet", "ERP_xUnit_dotnet\ERP_xUnit_dotnet.csproj", "{C56742B5-EC8D-43BA-B21E-8EC1362AA5D3}"
EndProject
Global
	GlobalSection(SolutionConfigurationPlatforms) = preSolution
		Debug|Any CPU = Debug|Any CPU
		Debug|x64 = Debug|x64
		Debug|x86 = Debug|x86
		Release|Any CPU = Release|Any CPU
		Release|x64 = Release|x64
		Release|x86 = Release|x86
	EndGlobalSection
	GlobalSection(ProjectConfigurationPlatforms) = postSolution
		{4AED81E8-452A-4A91-A203-EE96FCD42142}.Debug|Any CPU.ActiveCfg = Debug|Any CPU
		{4AED81E8-452A-4A91-A203-EE96FCD42142}.Debug|Any CPU.Build.0 = Debug|Any CPU
		{4AED81E8-452A-4A91-A203-EE96FCD42142}.Debug|x64.ActiveCfg = Debug|Any CPU
		{4AED81E8-452A-4A91-A203-EE96FCD42142}.Debug|x64.Build.0 = Debug|Any CPU
		{4AED81E8-452A-4A91-A203-EE96FCD42142}.Debug|x86.ActiveCfg = Debug|Any CPU
		{4AED81E8-452A-4A91-A203-EE96FCD42142}.Debug|x86.Build.0 = Debug|Any CPU
		{4AED81E8-452A-4A91-A203-EE96FCD42142}.Release|Any CPU.ActiveCfg = Release|Any CPU
		{4AED81E8-452A-4A91-A203-EE96FCD42142}.Release|Any CPU.Build.0 = Release|Any CPU
		{4AED81E8-452A-4A91-A203-EE96FCD42142}.Release|x64.ActiveCfg = Release|Any CPU
		{4AED81E8-452A-4A91-A203-EE96FCD42142}.Release|x64.Build.0 = Release|Any CPU
		{4AED81E8-452A-4A91-A203-EE96FCD42142}.Release|x86.ActiveCfg = Release|Any CPU
		{4AED81E8-452A-4A91-A203-EE96FCD42142}.Release|x86.Build.0 = Release|Any CPU
		{C56742B5-EC8D-43BA-B21E-8EC1362AA5D3}.Debug|Any CPU.ActiveCfg = Debug|Any CPU
		{C56742B5-EC8D-43BA-B21E-8EC1362AA5D3}.Debug|Any CPU.Build.0 = Debug|Any CPU
		{C56742B5-EC8D-43BA-B21E-8EC1362AA5D3}.Debug|x64.ActiveCfg = Debug|Any CPU
		{C56742B5-EC8D-43BA-B21E-8EC1362AA5D3}.Debug|x64.Build.0 = Debug|Any CPU
		{C56742B5-EC8D-43BA-B21E-8EC1362AA5D3}.Debug|x86.ActiveCfg = Debug|Any CPU
		{C56742B5-EC8D-43BA-B21E-8EC1362AA5D3}.Debug|x86.Build.0 = Debug|Any CPU
		{C56742B5-EC8D-43BA-B21E-8EC1362AA5D3}.Release|Any CPU.ActiveCfg = Release|Any CPU
		{C56742B5-EC8D-43BA-B21E-8EC1362AA5D3}.Release|Any CPU.Build.0 = Release|Any CPU
		{C56742B5-EC8D-43BA-B21E-8EC1362AA5D3}.Release|x64.ActiveCfg = Release|Any CPU
		{C56742B5-EC8D-43BA-B21E-8EC1362AA5D3}.Release|x64.Build.0 = Release|Any CPU
		{C56742B5-EC8D-43BA-B21E-8EC1362AA5D3}.Release|x86.ActiveCfg = Release|Any CPU
		{C56742B5-EC8D-43BA-B21E-8EC1362AA5D3}.Release|x86.Build.0 = Release|Any CPU
	EndGlobalSection
	GlobalSection(SolutionProperties) = preSolution
		HideSolutionNode = FALSE
	EndGlobalSection
	GlobalSection(NestedProjects) = preSolution
		{4AED81E8-452A-4A91-A203-EE96FCD42142} = {B86731CC-04FD-AB44-7EBB-A3A43FB75253}
		{C56742B5-EC8D-43BA-B21E-8EC1362AA5D3} = {B86731CC-04FD-AB44-7EBB-A3A43FB75253}
	EndGlobalSection
EndGlobal
