
Microsoft Visual Studio Solution File, Format Version 12.00
# Visual Studio Version 17
VisualStudioVersion = 17.0.31903.59
MinimumVisualStudioVersion = 10.0.40219.1
Project("{2150E333-8FDC-42A3-9474-1A3956D46DE8}") = "ERP_backend", "ERP_backend", "{B86731CC-04FD-AB44-7EBB-A3A43FB75253}"
EndProject
Project("{FAE04EC0-301F-11D3-BF4B-00C04F79EFBC}") = "ErpApi", "ErpApi\ErpApi.csproj", "{4AED81E8-452A-4A91-A203-EE96FCD42142}"
EndProject
Project("{2150E333-8FDC-42A3-9474-1A3956D46DE8}") = "Modules", "Modules", "{CA253913-39DE-BFD0-C9A3-4B7EC6FBDF17}"
EndProject
Project("{2150E333-8FDC-42A3-9474-1A3956D46DE8}") = "PIM", "PIM", "{745AA26D-0B8D-71F8-CB97-BCEE5ECE76AE}"
EndProject
Project("{FAE04EC0-301F-11D3-BF4B-00C04F79EFBC}") = "PIM.Domain", "Modules\PIM\PIM.Domain\PIM.Domain.csproj", "{66AFDAE5-AABB-481E-92F5-39769E9D62EA}"
EndProject
Project("{FAE04EC0-301F-11D3-BF4B-00C04F79EFBC}") = "PIM.Domain.Tests", "Modules\PIM\PIM.Domain.Tests\PIM.Domain.Tests.csproj", "{7F5A2E3F-A10D-476C-8658-080CC2584FC9}"
EndProject
Project("{FAE04EC0-301F-11D3-BF4B-00C04F79EFBC}") = "PIM.Application", "Modules\PIM\PIM.Application\PIM.Application.csproj", "{5A860757-3044-46F6-9650-F99F808C6227}"
EndProject
Project("{FAE04EC0-301F-11D3-BF4B-00C04F79EFBC}") = "PIM.Application.Tests", "Modules\PIM\PIM.Application.Tests\PIM.Application.Tests.csproj", "{864E7382-B471-41D9-B81C-2A8714937C15}"
EndProject
Project("{FAE04EC0-301F-11D3-BF4B-00C04F79EFBC}") = "PIM.Infrastructure", "Modules\PIM\PIM.Infrastructure\PIM.Infrastructure.csproj", "{0544B5D8-E739-4334-921F-0922CBB84D9C}"
EndProject
Project("{FAE04EC0-301F-11D3-BF4B-00C04F79EFBC}") = "PIM.Infrastructure.Tests", "Modules\PIM\PIM.Infrastructure.Tests\PIM.Infrastructure.Tests.csproj", "{F635C419-C0E1-4FC2-9A67-4C53D7F8AFCB}"
EndProject
Project("{FAE04EC0-301F-11D3-BF4B-00C04F79EFBC}") = "PIM.Presentation", "Modules\PIM\PIM.Presentation\PIM.Presentation.csproj", "{D5F494F5-413B-4D91-B6CF-FB96DA5E0744}"
EndProject
Global
	GlobalSection(SolutionConfigurationPlatforms) = preSolution
		Debug|Any CPU = Debug|Any CPU
		Debug|x64 = Debug|x64
		Debug|x86 = Debug|x86
		Release|Any CPU = Release|Any CPU
		Release|x64 = Release|x64
		Release|x86 = Release|x86
	EndGlobalSection
	GlobalSection(ProjectConfigurationPlatforms) = postSolution
		{4AED81E8-452A-4A91-A203-EE96FCD42142}.Debug|Any CPU.ActiveCfg = Debug|Any CPU
		{4AED81E8-452A-4A91-A203-EE96FCD42142}.Debug|Any CPU.Build.0 = Debug|Any CPU
		{4AED81E8-452A-4A91-A203-EE96FCD42142}.Debug|x64.ActiveCfg = Debug|Any CPU
		{4AED81E8-452A-4A91-A203-EE96FCD42142}.Debug|x64.Build.0 = Debug|Any CPU
		{4AED81E8-452A-4A91-A203-EE96FCD42142}.Debug|x86.ActiveCfg = Debug|Any CPU
		{4AED81E8-452A-4A91-A203-EE96FCD42142}.Debug|x86.Build.0 = Debug|Any CPU
		{4AED81E8-452A-4A91-A203-EE96FCD42142}.Release|Any CPU.ActiveCfg = Release|Any CPU
		{4AED81E8-452A-4A91-A203-EE96FCD42142}.Release|Any CPU.Build.0 = Release|Any CPU
		{4AED81E8-452A-4A91-A203-EE96FCD42142}.Release|x64.ActiveCfg = Release|Any CPU
		{4AED81E8-452A-4A91-A203-EE96FCD42142}.Release|x64.Build.0 = Release|Any CPU
		{4AED81E8-452A-4A91-A203-EE96FCD42142}.Release|x86.ActiveCfg = Release|Any CPU
		{4AED81E8-452A-4A91-A203-EE96FCD42142}.Release|x86.Build.0 = Release|Any CPU
		{66AFDAE5-AABB-481E-92F5-39769E9D62EA}.Debug|Any CPU.ActiveCfg = Debug|Any CPU
		{66AFDAE5-AABB-481E-92F5-39769E9D62EA}.Debug|Any CPU.Build.0 = Debug|Any CPU
		{66AFDAE5-AABB-481E-92F5-39769E9D62EA}.Debug|x64.ActiveCfg = Debug|Any CPU
		{66AFDAE5-AABB-481E-92F5-39769E9D62EA}.Debug|x64.Build.0 = Debug|Any CPU
		{66AFDAE5-AABB-481E-92F5-39769E9D62EA}.Debug|x86.ActiveCfg = Debug|Any CPU
		{66AFDAE5-AABB-481E-92F5-39769E9D62EA}.Debug|x86.Build.0 = Debug|Any CPU
		{66AFDAE5-AABB-481E-92F5-39769E9D62EA}.Release|Any CPU.ActiveCfg = Release|Any CPU
		{66AFDAE5-AABB-481E-92F5-39769E9D62EA}.Release|Any CPU.Build.0 = Release|Any CPU
		{66AFDAE5-AABB-481E-92F5-39769E9D62EA}.Release|x64.ActiveCfg = Release|Any CPU
		{66AFDAE5-AABB-481E-92F5-39769E9D62EA}.Release|x64.Build.0 = Release|Any CPU
		{66AFDAE5-AABB-481E-92F5-39769E9D62EA}.Release|x86.ActiveCfg = Release|Any CPU
		{66AFDAE5-AABB-481E-92F5-39769E9D62EA}.Release|x86.Build.0 = Release|Any CPU
		{7F5A2E3F-A10D-476C-8658-080CC2584FC9}.Debug|Any CPU.ActiveCfg = Debug|Any CPU
		{7F5A2E3F-A10D-476C-8658-080CC2584FC9}.Debug|Any CPU.Build.0 = Debug|Any CPU
		{7F5A2E3F-A10D-476C-8658-080CC2584FC9}.Debug|x64.ActiveCfg = Debug|Any CPU
		{7F5A2E3F-A10D-476C-8658-080CC2584FC9}.Debug|x64.Build.0 = Debug|Any CPU
		{7F5A2E3F-A10D-476C-8658-080CC2584FC9}.Debug|x86.ActiveCfg = Debug|Any CPU
		{7F5A2E3F-A10D-476C-8658-080CC2584FC9}.Debug|x86.Build.0 = Debug|Any CPU
		{7F5A2E3F-A10D-476C-8658-080CC2584FC9}.Release|Any CPU.ActiveCfg = Release|Any CPU
		{7F5A2E3F-A10D-476C-8658-080CC2584FC9}.Release|Any CPU.Build.0 = Release|Any CPU
		{7F5A2E3F-A10D-476C-8658-080CC2584FC9}.Release|x64.ActiveCfg = Release|Any CPU
		{7F5A2E3F-A10D-476C-8658-080CC2584FC9}.Release|x64.Build.0 = Release|Any CPU
		{7F5A2E3F-A10D-476C-8658-080CC2584FC9}.Release|x86.ActiveCfg = Release|Any CPU
		{7F5A2E3F-A10D-476C-8658-080CC2584FC9}.Release|x86.Build.0 = Release|Any CPU
		{5A860757-3044-46F6-9650-F99F808C6227}.Debug|Any CPU.ActiveCfg = Debug|Any CPU
		{5A860757-3044-46F6-9650-F99F808C6227}.Debug|Any CPU.Build.0 = Debug|Any CPU
		{5A860757-3044-46F6-9650-F99F808C6227}.Debug|x64.ActiveCfg = Debug|Any CPU
		{5A860757-3044-46F6-9650-F99F808C6227}.Debug|x64.Build.0 = Debug|Any CPU
		{5A860757-3044-46F6-9650-F99F808C6227}.Debug|x86.ActiveCfg = Debug|Any CPU
		{5A860757-3044-46F6-9650-F99F808C6227}.Debug|x86.Build.0 = Debug|Any CPU
		{5A860757-3044-46F6-9650-F99F808C6227}.Release|Any CPU.ActiveCfg = Release|Any CPU
		{5A860757-3044-46F6-9650-F99F808C6227}.Release|Any CPU.Build.0 = Release|Any CPU
		{5A860757-3044-46F6-9650-F99F808C6227}.Release|x64.ActiveCfg = Release|Any CPU
		{5A860757-3044-46F6-9650-F99F808C6227}.Release|x64.Build.0 = Release|Any CPU
		{5A860757-3044-46F6-9650-F99F808C6227}.Release|x86.ActiveCfg = Release|Any CPU
		{5A860757-3044-46F6-9650-F99F808C6227}.Release|x86.Build.0 = Release|Any CPU
		{864E7382-B471-41D9-B81C-2A8714937C15}.Debug|Any CPU.ActiveCfg = Debug|Any CPU
		{864E7382-B471-41D9-B81C-2A8714937C15}.Debug|Any CPU.Build.0 = Debug|Any CPU
		{864E7382-B471-41D9-B81C-2A8714937C15}.Debug|x64.ActiveCfg = Debug|Any CPU
		{864E7382-B471-41D9-B81C-2A8714937C15}.Debug|x64.Build.0 = Debug|Any CPU
		{864E7382-B471-41D9-B81C-2A8714937C15}.Debug|x86.ActiveCfg = Debug|Any CPU
		{864E7382-B471-41D9-B81C-2A8714937C15}.Debug|x86.Build.0 = Debug|Any CPU
		{864E7382-B471-41D9-B81C-2A8714937C15}.Release|Any CPU.ActiveCfg = Release|Any CPU
		{864E7382-B471-41D9-B81C-2A8714937C15}.Release|Any CPU.Build.0 = Release|Any CPU
		{864E7382-B471-41D9-B81C-2A8714937C15}.Release|x64.ActiveCfg = Release|Any CPU
		{864E7382-B471-41D9-B81C-2A8714937C15}.Release|x64.Build.0 = Release|Any CPU
		{864E7382-B471-41D9-B81C-2A8714937C15}.Release|x86.ActiveCfg = Release|Any CPU
		{864E7382-B471-41D9-B81C-2A8714937C15}.Release|x86.Build.0 = Release|Any CPU
		{0544B5D8-E739-4334-921F-0922CBB84D9C}.Debug|Any CPU.ActiveCfg = Debug|Any CPU
		{0544B5D8-E739-4334-921F-0922CBB84D9C}.Debug|Any CPU.Build.0 = Debug|Any CPU
		{0544B5D8-E739-4334-921F-0922CBB84D9C}.Debug|x64.ActiveCfg = Debug|Any CPU
		{0544B5D8-E739-4334-921F-0922CBB84D9C}.Debug|x64.Build.0 = Debug|Any CPU
		{0544B5D8-E739-4334-921F-0922CBB84D9C}.Debug|x86.ActiveCfg = Debug|Any CPU
		{0544B5D8-E739-4334-921F-0922CBB84D9C}.Debug|x86.Build.0 = Debug|Any CPU
		{0544B5D8-E739-4334-921F-0922CBB84D9C}.Release|Any CPU.ActiveCfg = Release|Any CPU
		{0544B5D8-E739-4334-921F-0922CBB84D9C}.Release|Any CPU.Build.0 = Release|Any CPU
		{0544B5D8-E739-4334-921F-0922CBB84D9C}.Release|x64.ActiveCfg = Release|Any CPU
		{0544B5D8-E739-4334-921F-0922CBB84D9C}.Release|x64.Build.0 = Release|Any CPU
		{0544B5D8-E739-4334-921F-0922CBB84D9C}.Release|x86.ActiveCfg = Release|Any CPU
		{0544B5D8-E739-4334-921F-0922CBB84D9C}.Release|x86.Build.0 = Release|Any CPU
		{F635C419-C0E1-4FC2-9A67-4C53D7F8AFCB}.Debug|Any CPU.ActiveCfg = Debug|Any CPU
		{F635C419-C0E1-4FC2-9A67-4C53D7F8AFCB}.Debug|Any CPU.Build.0 = Debug|Any CPU
		{F635C419-C0E1-4FC2-9A67-4C53D7F8AFCB}.Debug|x64.ActiveCfg = Debug|Any CPU
		{F635C419-C0E1-4FC2-9A67-4C53D7F8AFCB}.Debug|x64.Build.0 = Debug|Any CPU
		{F635C419-C0E1-4FC2-9A67-4C53D7F8AFCB}.Debug|x86.ActiveCfg = Debug|Any CPU
		{F635C419-C0E1-4FC2-9A67-4C53D7F8AFCB}.Debug|x86.Build.0 = Debug|Any CPU
		{F635C419-C0E1-4FC2-9A67-4C53D7F8AFCB}.Release|Any CPU.ActiveCfg = Release|Any CPU
		{F635C419-C0E1-4FC2-9A67-4C53D7F8AFCB}.Release|Any CPU.Build.0 = Release|Any CPU
		{F635C419-C0E1-4FC2-9A67-4C53D7F8AFCB}.Release|x64.ActiveCfg = Release|Any CPU
		{F635C419-C0E1-4FC2-9A67-4C53D7F8AFCB}.Release|x64.Build.0 = Release|Any CPU
		{F635C419-C0E1-4FC2-9A67-4C53D7F8AFCB}.Release|x86.ActiveCfg = Release|Any CPU
		{F635C419-C0E1-4FC2-9A67-4C53D7F8AFCB}.Release|x86.Build.0 = Release|Any CPU
		{D5F494F5-413B-4D91-B6CF-FB96DA5E0744}.Debug|Any CPU.ActiveCfg = Debug|Any CPU
		{D5F494F5-413B-4D91-B6CF-FB96DA5E0744}.Debug|Any CPU.Build.0 = Debug|Any CPU
		{D5F494F5-413B-4D91-B6CF-FB96DA5E0744}.Debug|x64.ActiveCfg = Debug|Any CPU
		{D5F494F5-413B-4D91-B6CF-FB96DA5E0744}.Debug|x64.Build.0 = Debug|Any CPU
		{D5F494F5-413B-4D91-B6CF-FB96DA5E0744}.Debug|x86.ActiveCfg = Debug|Any CPU
		{D5F494F5-413B-4D91-B6CF-FB96DA5E0744}.Debug|x86.Build.0 = Debug|Any CPU
		{D5F494F5-413B-4D91-B6CF-FB96DA5E0744}.Release|Any CPU.ActiveCfg = Release|Any CPU
		{D5F494F5-413B-4D91-B6CF-FB96DA5E0744}.Release|Any CPU.Build.0 = Release|Any CPU
		{D5F494F5-413B-4D91-B6CF-FB96DA5E0744}.Release|x64.ActiveCfg = Release|Any CPU
		{D5F494F5-413B-4D91-B6CF-FB96DA5E0744}.Release|x64.Build.0 = Release|Any CPU
		{D5F494F5-413B-4D91-B6CF-FB96DA5E0744}.Release|x86.ActiveCfg = Release|Any CPU
		{D5F494F5-413B-4D91-B6CF-FB96DA5E0744}.Release|x86.Build.0 = Release|Any CPU
	EndGlobalSection
	GlobalSection(SolutionProperties) = preSolution
		HideSolutionNode = FALSE
	EndGlobalSection
	GlobalSection(NestedProjects) = preSolution
		{4AED81E8-452A-4A91-A203-EE96FCD42142} = {B86731CC-04FD-AB44-7EBB-A3A43FB75253}
		{745AA26D-0B8D-71F8-CB97-BCEE5ECE76AE} = {CA253913-39DE-BFD0-C9A3-4B7EC6FBDF17}
		{66AFDAE5-AABB-481E-92F5-39769E9D62EA} = {745AA26D-0B8D-71F8-CB97-BCEE5ECE76AE}
		{7F5A2E3F-A10D-476C-8658-080CC2584FC9} = {745AA26D-0B8D-71F8-CB97-BCEE5ECE76AE}
		{5A860757-3044-46F6-9650-F99F808C6227} = {745AA26D-0B8D-71F8-CB97-BCEE5ECE76AE}
		{864E7382-B471-41D9-B81C-2A8714937C15} = {745AA26D-0B8D-71F8-CB97-BCEE5ECE76AE}
		{0544B5D8-E739-4334-921F-0922CBB84D9C} = {745AA26D-0B8D-71F8-CB97-BCEE5ECE76AE}
		{F635C419-C0E1-4FC2-9A67-4C53D7F8AFCB} = {745AA26D-0B8D-71F8-CB97-BCEE5ECE76AE}
		{D5F494F5-413B-4D91-B6CF-FB96DA5E0744} = {745AA26D-0B8D-71F8-CB97-BCEE5ECE76AE}
	EndGlobalSection
EndGlobal
